{
  "name": "web",
  "version": "0.1.0",
  "lockfileVersion": 1,
  "requires": true,
  "dependencies": {
    "@types/bn.js": {
      "version": "5.1.0",
      "resolved": "https://registry.npmjs.org/@types/bn.js/-/bn.js-5.1.0.tgz",
      "integrity": "sha512-QSSVYj7pYFN49kW77o2s9xTCwZ8F2xLbjLLSEVh8D2F4JUhZtPAGOFLTD+ffqksBx/u4cE/KImFjyhqCjn/LIA==",
      "dev": true,
      "requires": {
        "@types/node": "*"
      },
      "dependencies": {
        "@types/node": {
          "version": "15.0.2",
          "resolved": "https://registry.npmjs.org/@types/node/-/node-15.0.2.tgz",
          "integrity": "sha512-p68+a+KoxpoB47015IeYZYRrdqMUcpbK8re/zpFB8Ld46LHC1lPEbp3EXgkEhAYEcPvjJF6ZO+869SQ0aH1dcA==",
          "dev": true
        }
      }
    },
    "@types/canvas-confetti": {
      "version": "1.4.0",
      "resolved": "https://registry.npmjs.org/@types/canvas-confetti/-/canvas-confetti-1.4.0.tgz",
      "integrity": "sha512-Neq4mvVecrHmTdyo98EY5bnKCjkZGQ6Ma7VyOrxIcMHEZPmt4kfquccqfBMrpNrdryMHgk3oGQi7XtpZacltnw==",
      "dev": true
    },
    "@types/node": {
      "version": "12.20.12",
      "resolved": "https://registry.npmjs.org/@types/node/-/node-12.20.12.tgz",
      "integrity": "sha512-KQZ1al2hKOONAs2MFv+yTQP1LkDWMrRJ9YCVRalXltOfXsBmH5IownLxQaiq0lnAHwAViLnh2aTYqrPcRGEbgg==",
      "dev": true
    },
    "@types/three": {
      "version": "0.128.0",
      "resolved": "https://registry.npmjs.org/@types/three/-/three-0.128.0.tgz",
      "integrity": "sha512-Jwq5XYUkzAcPTo34hlGAQGUyAI0b2F3aCCFWG/v7ZhJBEG5HGcusMSr70GhDlT8Gs0f02QnSPZ2RCA1MrCOa/w==",
      "dev": true
    },
    "bn.js": {
      "version": "5.2.0",
      "resolved": "https://registry.npmjs.org/bn.js/-/bn.js-5.2.0.tgz",
      "integrity": "sha512-D7iWRBvnZE8ecXiLj/9wbxH7Tk79fAh8IHaTNq1RWRixsS02W+5qS+iE9yq6RYl0asXx5tw0bLhmT5pIfbSquw=="
    }
  }
}
