# THIS IS AN AUTOGENERATED FILE. DO NOT EDIT THIS FILE DIRECTLY.
# yarn lockfile v1


"@types/node@*":
  version "16.6.2"
  resolved "https://registry.yarnpkg.com/@types/node/-/node-16.6.2.tgz#331b7b9f8621c638284787c5559423822fdffc50"
  integrity sha512-LSw8TZt12ZudbpHc6EkIyDM3nHVWKYrAvGy6EAJfNfjusbwnThqjqxUKKRwuV3iWYeW/LYMzNgaq3MaLffQ2xA==

"@types/papaparse@^5.2.4":
  version "5.2.6"
  resolved "https://registry.yarnpkg.com/@types/papaparse/-/papaparse-5.2.6.tgz#0bba18de4d15eff65883bc7c0794e0134de9e7c7"
  integrity sha512-xGKSd0UTn58N1h0+zf8mW863Rv8BvXcGibEgKFtBIXZlcDXAmX/T4RdDO2mwmrmOypUDt5vRgo2v32a78JdqUA==
  dependencies:
    "@types/node" "*"

papaparse@^5.3.0:
  version "5.3.1"
  resolved "https://registry.yarnpkg.com/papaparse/-/papaparse-5.3.1.tgz#770b7a9124d821d4b2132132b7bd7dce7194b5b1"
  integrity sha512-Dbt2yjLJrCwH2sRqKFFJaN5XgIASO9YOFeFP8rIBRG2Ain8mqk5r1M6DkfvqEVozVcz3r3HaUGw253hA1nLIcA==

react-csv-reader@^3.3.1:
  version "3.3.1"
  resolved "https://registry.yarnpkg.com/react-csv-reader/-/react-csv-reader-3.3.1.tgz#cafd489469557bf49a6545e3717caf03829eb4a2"
  integrity sha512-O59+221Uyq+kZMXSs5FSnWBhh0bNBhflEUgqH1TtHosCuGfSDdt9rBgOarxXtXIJXgezgOSjXtWZJpEsUBIkJA==
  dependencies:
    "@types/papaparse" "^5.2.4"
    papaparse "^5.3.0"
