# THIS IS AN AUTOGENERATED FILE. DO NOT EDIT THIS FILE DIRECTLY.
# yarn lockfile v1


cargo-cp-artifact@^0.1:
  version "0.1.5"
  resolved "https://registry.yarnpkg.com/cargo-cp-artifact/-/cargo-cp-artifact-0.1.5.tgz#2c35f7d658f22acfe9b1fa2774344d9a389efd14"
  integrity sha512-mWwNdfrEyvMPxDHoAhbCYwQBNP3RyW9bV+yi5VaaHtVZqoDXbGU5JQF5qG7s65SJhqP7HIVAQD7wZM6Fk2COuw==
